PODS:
  - Capacitor (8.4.2):
    - CapacitorCordova
  - CapacitorApp (8.1.1):
    - Capacitor
  - CapacitorClipboard (8.0.1):
    - Capacitor
  - CapacitorCordova (8.4.2)

DEPENDENCIES:
  - "Capacitor (from `../../../../node_modules/@capacitor/ios`)"
  - "CapacitorApp (from `../../../../node_modules/@capacitor/app`)"
  - "CapacitorClipboard (from `../../../../node_modules/@capacitor/clipboard`)"
  - "CapacitorCordova (from `../../../../node_modules/@capacitor/ios`)"

EXTERNAL SOURCES:
  Capacitor:
    :path: "../../../../node_modules/@capacitor/ios"
  CapacitorApp:
    :path: "../../../../node_modules/@capacitor/app"
  CapacitorClipboard:
    :path: "../../../../node_modules/@capacitor/clipboard"
  CapacitorCordova:
    :path: "../../../../node_modules/@capacitor/ios"

SPEC CHECKSUMS:
  Capacitor: 52f999235b8bd6a7d01694753f4f4d54d182e3a3
  CapacitorApp: 305bd13c44f6f9d164e2ee66a4faa956ed8c0e06
  CapacitorClipboard: c75fdaa6e622111119f35e7914ecfc67b05efecb
  CapacitorCordova: 345eacdc4c8282415446aea4acd8c77d82480bd4

PODFILE CHECKSUM: b9a5860f4059e3f24f3239e49605d4a31853d218

COCOAPODS: 1.17.0
